
Microsoft Visual Studio Solution File, Format Version 12.00
# Visual Studio Version 16
VisualStudioVersion = 16.0.30907.101
MinimumVisualStudioVersion = 10.0.40219.1
Project("{9A19103F-16F7-4668-BE54-9A1E7A4F7556}") = "SalaoT2", "SalaoT2\SalaoT2.csproj", "{9922774E-C5D2-47A6-BD2C-4402FBDA667A}"
EndProject
Project("{9A19103F-16F7-4668-BE54-9A1E7A4F7556}") = "SalaoT2.Dominio", "SalaoT2.Dominio\SalaoT2.Dominio.csproj", "{351E5E4C-8130-4C0A-A34A-EE76B6D86CF0}"
EndProject
Global
	GlobalSection(SolutionConfigurationPlatforms) = preSolution
		Debug|Any CPU = Debug|Any CPU
		Release|Any CPU = Release|Any CPU
	EndGlobalSection
	GlobalSection(ProjectConfigurationPlatforms) = postSolution
		{9922774E-C5D2-47A6-BD2C-4402FBDA667A}.Debug|Any CPU.ActiveCfg = Debug|Any CPU
		{9922774E-C5D2-47A6-BD2C-4402FBDA667A}.Debug|Any CPU.Build.0 = Debug|Any CPU
		{9922774E-C5D2-47A6-BD2C-4402FBDA667A}.Release|Any CPU.ActiveCfg = Release|Any CPU
		{9922774E-C5D2-47A6-BD2C-4402FBDA667A}.Release|Any CPU.Build.0 = Release|Any CPU
		{351E5E4C-8130-4C0A-A34A-EE76B6D86CF0}.Debug|Any CPU.ActiveCfg = Debug|Any CPU
		{351E5E4C-8130-4C0A-A34A-EE76B6D86CF0}.Debug|Any CPU.Build.0 = Debug|Any CPU
		{351E5E4C-8130-4C0A-A34A-EE76B6D86CF0}.Release|Any CPU.ActiveCfg = Release|Any CPU
		{351E5E4C-8130-4C0A-A34A-EE76B6D86CF0}.Release|Any CPU.Build.0 = Release|Any CPU
	EndGlobalSection
	GlobalSection(SolutionProperties) = preSolution
		HideSolutionNode = FALSE
	EndGlobalSection
	GlobalSection(ExtensibilityGlobals) = postSolution
		SolutionGuid = {66CD418A-B0EF-404E-92AB-6FEBB7856A97}
	EndGlobalSection
EndGlobal
